// !$*UTF8*$!
{
	archiveVersion = 1;
	classes = {
	};
	objectVersion = 56;
	objects = {

/* Begin PBXBuildFile section */
		4A8E80932B85D0D20032D1C0 /* AnidexApp.swift in Sources */ = {isa = PBXBuildFile; fileRef = 4A8E80922B85D0D20032D1C0 /* AnidexApp.swift */; };
		4A8E80952B85D0D20032D1C0 /* Persistence.swift in Sources */ = {isa = PBXBuildFile; fileRef = 4A8E80942B85D0D20032D1C0 /* Persistence.swift */; };
		4A8E80982B85D0D20032D1C0 /* Anidex.xcdatamodeld in Sources */ = {isa = PBXBuildFile; fileRef = 4A8E80962B85D0D20032D1C0 /* Anidex.xcdatamodeld */; };
		4A8E809A2B85D0D20032D1C0 /* ContentView.swift in Sources */ = {isa = PBXBuildFile; fileRef = 4A8E80992B85D0D20032D1C0 /* ContentView.swift */; };
		4A8E809C2B85D0D50032D1C0 /* Assets.xcassets in Resources */ = {isa = PBXBuildFile; fileRef = 4A8E809B2B85D0D50032D1C0 /* Assets.xcassets */; };
		4A8E80A02B85D0D50032D1C0 /* Preview Assets.xcassets in Resources */ = {isa = PBXBuildFile; fileRef = 4A8E809F2B85D0D50032D1C0 /* Preview Assets.xcassets */; };
		4A8E80AD2B868BB30032D1C0 /* Sighting+CoreDataClass.swift in Sources */ = {isa = PBXBuildFile; fileRef = 4A8E80A92B868BB30032D1C0 /* Sighting+CoreDataClass.swift */; };
		4A8E80AE2B868BB30032D1C0 /* Sighting+CoreDataProperties.swift in Sources */ = {isa = PBXBuildFile; fileRef = 4A8E80AA2B868BB30032D1C0 /* Sighting+CoreDataProperties.swift */; };
		4A8E80AF2B868BB30032D1C0 /* Species+CoreDataClass.swift in Sources */ = {isa = PBXBuildFile; fileRef = 4A8E80AB2B868BB30032D1C0 /* Species+CoreDataClass.swift */; };
		4A8E80B02B868BB30032D1C0 /* Species+CoreDataProperties.swift in Sources */ = {isa = PBXBuildFile; fileRef = 4A8E80AC2B868BB30032D1C0 /* Species+CoreDataProperties.swift */; };
		4A8E80B32B868C7C0032D1C0 /* CameraModel.swift in Sources */ = {isa = PBXBuildFile; fileRef = 4A8E80B22B868C7C0032D1C0 /* CameraModel.swift */; };
		4A8E80B52B868C880032D1C0 /* ClassifierModel.swift in Sources */ = {isa = PBXBuildFile; fileRef = 4A8E80B42B868C880032D1C0 /* ClassifierModel.swift */; };
		4A8E80B72B868CCC0032D1C0 /* CameraFuncs.swift in Sources */ = {isa = PBXBuildFile; fileRef = 4A8E80B62B868CCC0032D1C0 /* CameraFuncs.swift */; };
		4A8E80B92B8690CD0032D1C0 /* CameraView.swift in Sources */ = {isa = PBXBuildFile; fileRef = 4A8E80B82B8690CD0032D1C0 /* CameraView.swift */; };
		4A8E80BC2B8691460032D1C0 /* CollectionsView.swift in Sources */ = {isa = PBXBuildFile; fileRef = 4A8E80BB2B8691460032D1C0 /* CollectionsView.swift */; };
		4A8E80BE2B86917B0032D1C0 /* CollectionsCard.swift in Sources */ = {isa = PBXBuildFile; fileRef = 4A8E80BD2B86917B0032D1C0 /* CollectionsCard.swift */; };
		4A8E80C02B8691870032D1C0 /* CollectionsCardDetailView.swift in Sources */ = {isa = PBXBuildFile; fileRef = 4A8E80BF2B8691870032D1C0 /* CollectionsCardDetailView.swift */; };
		4A8E80C22B8691ED0032D1C0 /* Design.swift in Sources */ = {isa = PBXBuildFile; fileRef = 4A8E80C12B8691ED0032D1C0 /* Design.swift */; };
		4A8E80C52B86924B0032D1C0 /* CameraPreview.swift in Sources */ = {isa = PBXBuildFile; fileRef = 4A8E80C42B86924A0032D1C0 /* CameraPreview.swift */; };
		4A8E80C72B8694430032D1C0 /* HapticFeedback.swift in Sources */ = {isa = PBXBuildFile; fileRef = 4A8E80C62B8694430032D1C0 /* HapticFeedback.swift */; };
		4A8E80C92B8696640032D1C0 /* ImagePicker.swift in Sources */ = {isa = PBXBuildFile; fileRef = 4A8E80C82B8696640032D1C0 /* ImagePicker.swift */; };
		4A8E80CF2B86D64F0032D1C0 /* ChordataClassClassifier.mlmodel in Sources */ = {isa = PBXBuildFile; fileRef = 4A8E80CA2B86D64F0032D1C0 /* ChordataClassClassifier.mlmodel */; };
		4A8E80D02B86D64F0032D1C0 /* AmphibiaClassifier.mlmodel in Sources */ = {isa = PBXBuildFile; fileRef = 4A8E80CB2B86D64F0032D1C0 /* AmphibiaClassifier.mlmodel */; };
		4A8E80D12B86D64F0032D1C0 /* MammalClassifier.mlmodel in Sources */ = {isa = PBXBuildFile; fileRef = 4A8E80CC2B86D64F0032D1C0 /* MammalClassifier.mlmodel */; };
		4A8E80D22B86D64F0032D1C0 /* AvesClassifier.mlmodel in Sources */ = {isa = PBXBuildFile; fileRef = 4A8E80CD2B86D64F0032D1C0 /* AvesClassifier.mlmodel */; };
		4A8E80D32B86D64F0032D1C0 /* ReptilliaClassifier.mlmodel in Sources */ = {isa = PBXBuildFile; fileRef = 4A8E80CE2B86D64F0032D1C0 /* ReptilliaClassifier.mlmodel */; };
		4AA5FA6F2B8834150073FF9E /* CustomAsyncImageView.swift in Sources */ = {isa = PBXBuildFile; fileRef = 4AA5FA6E2B8834150073FF9E /* CustomAsyncImageView.swift */; };
		4AA5FA712B88371D0073FF9E /* newAnimalSightingView.swift in Sources */ = {isa = PBXBuildFile; fileRef = 4AA5FA702B88371D0073FF9E /* newAnimalSightingView.swift */; };
		4AA5FA732B8838EF0073FF9E /* MediaFuncs.swift in Sources */ = {isa = PBXBuildFile; fileRef = 4AA5FA722B8838EF0073FF9E /* MediaFuncs.swift */; };
		4AA5FA752B8839BB0073FF9E /* Sighting Helpers.swift in Sources */ = {isa = PBXBuildFile; fileRef = 4AA5FA742B8839BB0073FF9E /* Sighting Helpers.swift */; };
		4AA5FA772B883E960073FF9E /* CustomTextField.swift in Sources */ = {isa = PBXBuildFile; fileRef = 4AA5FA762B883E960073FF9E /* CustomTextField.swift */; };
		4AA5FA7A2B8845520073FF9E /* StatsView.swift in Sources */ = {isa = PBXBuildFile; fileRef = 4AA5FA792B8845520073FF9E /* StatsView.swift */; };
		4AA5FA7C2B8845840073FF9E /* GalleryView.swift in Sources */ = {isa = PBXBuildFile; fileRef = 4AA5FA7B2B8845840073FF9E /* GalleryView.swift */; };
		4AA5FA7E2B88461B0073FF9E /* PhotosView.swift in Sources */ = {isa = PBXBuildFile; fileRef = 4AA5FA7D2B88461B0073FF9E /* PhotosView.swift */; };
		4AFA806B2B88926100EF9DCB /* AnimalLabels.txt in Resources */ = {isa = PBXBuildFile; fileRef = 4AFA806A2B88926100EF9DCB /* AnimalLabels.txt */; };
		4AFA806E2B88950B00EF9DCB /* SearchViews.swift in Sources */ = {isa = PBXBuildFile; fileRef = 4AFA806D2B88950B00EF9DCB /* SearchViews.swift */; };
/* End PBXBuildFile section */

/* Begin PBXFileReference section */
		4A3609ED2B881E41006F5FFD /* Info.plist */ = {isa = PBXFileReference; lastKnownFileType = text.plist; path = Info.plist; sourceTree = "<group>"; };
		4A8E808F2B85D0D20032D1C0 /* Anidex.app */ = {isa = PBXFileReference; explicitFileType = wrapper.application; includeInIndex = 0; path = Anidex.app; sourceTree = BUILT_PRODUCTS_DIR; };
		4A8E80922B85D0D20032D1C0 /* AnidexApp.swift */ = {isa = PBXFileReference; lastKnownFileType = sourcecode.swift; path = AnidexApp.swift; sourceTree = "<group>"; };
		4A8E80942B85D0D20032D1C0 /* Persistence.swift */ = {isa = PBXFileReference; lastKnownFileType = sourcecode.swift; path = Persistence.swift; sourceTree = "<group>"; };
		4A8E80972B85D0D20032D1C0 /* Anidex.xcdatamodel */ = {isa = PBXFileReference; lastKnownFileType = wrapper.xcdatamodel; path = Anidex.xcdatamodel; sourceTree = "<group>"; };
		4A8E80992B85D0D20032D1C0 /* ContentView.swift */ = {isa = PBXFileReference; lastKnownFileType = sourcecode.swift; path = ContentView.swift; sourceTree = "<group>"; };
		4A8E809B2B85D0D50032D1C0 /* Assets.xcassets */ = {isa = PBXFileReference; lastKnownFileType = folder.assetcatalog; path = Assets.xcassets; sourceTree = "<group>"; };
		4A8E809D2B85D0D50032D1C0 /* Anidex.entitlements */ = {isa = PBXFileReference; lastKnownFileType = text.plist.entitlements; path = Anidex.entitlements; sourceTree = "<group>"; };
		4A8E809F2B85D0D50032D1C0 /* Preview Assets.xcassets */ = {isa = PBXFileReference; lastKnownFileType = folder.assetcatalog; path = "Preview Assets.xcassets"; sourceTree = "<group>"; };
		4A8E80A92B868BB30032D1C0 /* Sighting+CoreDataClass.swift */ = {isa = PBXFileReference; lastKnownFileType = sourcecode.swift; path = "Sighting+CoreDataClass.swift"; sourceTree = "<group>"; };
		4A8E80AA2B868BB30032D1C0 /* Sighting+CoreDataProperties.swift */ = {isa = PBXFileReference; lastKnownFileType = sourcecode.swift; path = "Sighting+CoreDataProperties.swift"; sourceTree = "<group>"; };
		4A8E80AB2B868BB30032D1C0 /* Species+CoreDataClass.swift */ = {isa = PBXFileReference; lastKnownFileType = sourcecode.swift; path = "Species+CoreDataClass.swift"; sourceTree = "<group>"; };
		4A8E80AC2B868BB30032D1C0 /* Species+CoreDataProperties.swift */ = {isa = PBXFileReference; lastKnownFileType = sourcecode.swift; path = "Species+CoreDataProperties.swift"; sourceTree = "<group>"; };
		4A8E80B22B868C7C0032D1C0 /* CameraModel.swift */ = {isa = PBXFileReference; lastKnownFileType = sourcecode.swift; path = CameraModel.swift; sourceTree = "<group>"; };
		4A8E80B42B868C880032D1C0 /* ClassifierModel.swift */ = {isa = PBXFileReference; lastKnownFileType = sourcecode.swift; path = ClassifierModel.swift; sourceTree = "<group>"; };
		4A8E80B62B868CCC0032D1C0 /* CameraFuncs.swift */ = {isa = PBXFileReference; lastKnownFileType = sourcecode.swift; path = CameraFuncs.swift; sourceTree = "<group>"; };
		4A8E80B82B8690CD0032D1C0 /* CameraView.swift */ = {isa = PBXFileReference; lastKnownFileType = sourcecode.swift; path = CameraView.swift; sourceTree = "<group>"; };
		4A8E80BB2B8691460032D1C0 /* CollectionsView.swift */ = {isa = PBXFileReference; lastKnownFileType = sourcecode.swift; path = CollectionsView.swift; sourceTree = "<group>"; };
		4A8E80BD2B86917B0032D1C0 /* CollectionsCard.swift */ = {isa = PBXFileReference; lastKnownFileType = sourcecode.swift; path = CollectionsCard.swift; sourceTree = "<group>"; };
		4A8E80BF2B8691870032D1C0 /* CollectionsCardDetailView.swift */ = {isa = PBXFileReference; lastKnownFileType = sourcecode.swift; path = CollectionsCardDetailView.swift; sourceTree = "<group>"; };
		4A8E80C12B8691ED0032D1C0 /* Design.swift */ = {isa = PBXFileReference; lastKnownFileType = sourcecode.swift; path = Design.swift; sourceTree = "<group>"; };
		4A8E80C42B86924A0032D1C0 /* CameraPreview.swift */ = {isa = PBXFileReference; lastKnownFileType = sourcecode.swift; path = CameraPreview.swift; sourceTree = "<group>"; };
		4A8E80C62B8694430032D1C0 /* HapticFeedback.swift */ = {isa = PBXFileReference; lastKnownFileType = sourcecode.swift; path = HapticFeedback.swift; sourceTree = "<group>"; };
		4A8E80C82B8696640032D1C0 /* ImagePicker.swift */ = {isa = PBXFileReference; lastKnownFileType = sourcecode.swift; path = ImagePicker.swift; sourceTree = "<group>"; };
		4A8E80CA2B86D64F0032D1C0 /* ChordataClassClassifier.mlmodel */ = {isa = PBXFileReference; lastKnownFileType = file.mlmodel; path = ChordataClassClassifier.mlmodel; sourceTree = "<group>"; };
		4A8E80CB2B86D64F0032D1C0 /* AmphibiaClassifier.mlmodel */ = {isa = PBXFileReference; lastKnownFileType = file.mlmodel; path = AmphibiaClassifier.mlmodel; sourceTree = "<group>"; };
		4A8E80CC2B86D64F0032D1C0 /* MammalClassifier.mlmodel */ = {isa = PBXFileReference; lastKnownFileType = file.mlmodel; path = MammalClassifier.mlmodel; sourceTree = "<group>"; };
		4A8E80CD2B86D64F0032D1C0 /* AvesClassifier.mlmodel */ = {isa = PBXFileReference; lastKnownFileType = file.mlmodel; path = AvesClassifier.mlmodel; sourceTree = "<group>"; };
		4A8E80CE2B86D64F0032D1C0 /* ReptilliaClassifier.mlmodel */ = {isa = PBXFileReference; lastKnownFileType = file.mlmodel; path = ReptilliaClassifier.mlmodel; sourceTree = "<group>"; };
		4AA5FA6E2B8834150073FF9E /* CustomAsyncImageView.swift */ = {isa = PBXFileReference; lastKnownFileType = sourcecode.swift; path = CustomAsyncImageView.swift; sourceTree = "<group>"; };
		4AA5FA702B88371D0073FF9E /* newAnimalSightingView.swift */ = {isa = PBXFileReference; lastKnownFileType = sourcecode.swift; path = newAnimalSightingView.swift; sourceTree = "<group>"; };
		4AA5FA722B8838EF0073FF9E /* MediaFuncs.swift */ = {isa = PBXFileReference; lastKnownFileType = sourcecode.swift; path = MediaFuncs.swift; sourceTree = "<group>"; };
		4AA5FA742B8839BB0073FF9E /* Sighting Helpers.swift */ = {isa = PBXFileReference; lastKnownFileType = sourcecode.swift; path = "Sighting Helpers.swift"; sourceTree = "<group>"; };
		4AA5FA762B883E960073FF9E /* CustomTextField.swift */ = {isa = PBXFileReference; lastKnownFileType = sourcecode.swift; path = CustomTextField.swift; sourceTree = "<group>"; };
		4AA5FA792B8845520073FF9E /* StatsView.swift */ = {isa = PBXFileReference; lastKnownFileType = sourcecode.swift; path = StatsView.swift; sourceTree = "<group>"; };
		4AA5FA7B2B8845840073FF9E /* GalleryView.swift */ = {isa = PBXFileReference; lastKnownFileType = sourcecode.swift; path = GalleryView.swift; sourceTree = "<group>"; };
		4AA5FA7D2B88461B0073FF9E /* PhotosView.swift */ = {isa = PBXFileReference; lastKnownFileType = sourcecode.swift; path = PhotosView.swift; sourceTree = "<group>"; };
		4AFA806A2B88926100EF9DCB /* AnimalLabels.txt */ = {isa = PBXFileReference; fileEncoding = 4; lastKnownFileType = text; path = AnimalLabels.txt; sourceTree = "<group>"; };
		4AFA806D2B88950B00EF9DCB /* SearchViews.swift */ = {isa = PBXFileReference; lastKnownFileType = sourcecode.swift; path = SearchViews.swift; sourceTree = "<group>"; };
/* End PBXFileReference section */

/* Begin PBXFrameworksBuildPhase section */
		4A8E808C2B85D0D10032D1C0 /* Frameworks */ = {
			isa = PBXFrameworksBuildPhase;
			buildActionMask = 2147483647;
			files = (
			);
			runOnlyForDeploymentPostprocessing = 0;
		};
/* End PBXFrameworksBuildPhase section */

/* Begin PBXGroup section */
		4A8E80862B85D0D10032D1C0 = {
			isa = PBXGroup;
			children = (
				4AFA806A2B88926100EF9DCB /* AnimalLabels.txt */,
				4A8E80CB2B86D64F0032D1C0 /* AmphibiaClassifier.mlmodel */,
				4A8E80CD2B86D64F0032D1C0 /* AvesClassifier.mlmodel */,
				4A8E80CA2B86D64F0032D1C0 /* ChordataClassClassifier.mlmodel */,
				4A8E80CC2B86D64F0032D1C0 /* MammalClassifier.mlmodel */,
				4A8E80CE2B86D64F0032D1C0 /* ReptilliaClassifier.mlmodel */,
				4A8E80B12B868C470032D1C0 /* Core Data */,
				4A8E80912B85D0D20032D1C0 /* Anidex */,
				4A8E80902B85D0D20032D1C0 /* Products */,
			);
			sourceTree = "<group>";
		};
		4A8E80902B85D0D20032D1C0 /* Products */ = {
			isa = PBXGroup;
			children = (
				4A8E808F2B85D0D20032D1C0 /* Anidex.app */,
			);
			name = Products;
			sourceTree = "<group>";
		};
		4A8E80912B85D0D20032D1C0 /* Anidex */ = {
			isa = PBXGroup;
			children = (
				4A3609ED2B881E41006F5FFD /* Info.plist */,
				4A8E80A82B868B2F0032D1C0 /* Public Helpers */,
				4A8E80A72B868B250032D1C0 /* Models */,
				4A8E80A62B868B1F0032D1C0 /* Views */,
				4A8E80922B85D0D20032D1C0 /* AnidexApp.swift */,
				4A8E80942B85D0D20032D1C0 /* Persistence.swift */,
				4A8E809B2B85D0D50032D1C0 /* Assets.xcassets */,
				4A8E809D2B85D0D50032D1C0 /* Anidex.entitlements */,
				4A8E80962B85D0D20032D1C0 /* Anidex.xcdatamodeld */,
				4A8E809E2B85D0D50032D1C0 /* Preview Content */,
			);
			path = Anidex;
			sourceTree = "<group>";
		};
		4A8E809E2B85D0D50032D1C0 /* Preview Content */ = {
			isa = PBXGroup;
			children = (
				4A8E809F2B85D0D50032D1C0 /* Preview Assets.xcassets */,
			);
			path = "Preview Content";
			sourceTree = "<group>";
		};
		4A8E80A62B868B1F0032D1C0 /* Views */ = {
			isa = PBXGroup;
			children = (
				4AFA806C2B8894EA00EF9DCB /* Search Views */,
				4A8E80C32B8692410032D1C0 /* Camera */,
				4A8E80BA2B8691310032D1C0 /* Collection */,
				4A8E80992B85D0D20032D1C0 /* ContentView.swift */,
				4AA5FA6E2B8834150073FF9E /* CustomAsyncImageView.swift */,
				4AA5FA702B88371D0073FF9E /* newAnimalSightingView.swift */,
				4AA5FA762B883E960073FF9E /* CustomTextField.swift */,
			);
			path = Views;
			sourceTree = "<group>";
		};
		4A8E80A72B868B250032D1C0 /* Models */ = {
			isa = PBXGroup;
			children = (
				4A8E80B22B868C7C0032D1C0 /* CameraModel.swift */,
				4A8E80B42B868C880032D1C0 /* ClassifierModel.swift */,
				4A8E80C82B8696640032D1C0 /* ImagePicker.swift */,
			);
			path = Models;
			sourceTree = "<group>";
		};
		4A8E80A82B868B2F0032D1C0 /* Public Helpers */ = {
			isa = PBXGroup;
			children = (
				4A8E80B62B868CCC0032D1C0 /* CameraFuncs.swift */,
				4A8E80C12B8691ED0032D1C0 /* Design.swift */,
				4A8E80C62B8694430032D1C0 /* HapticFeedback.swift */,
				4AA5FA722B8838EF0073FF9E /* MediaFuncs.swift */,
				4AA5FA742B8839BB0073FF9E /* Sighting Helpers.swift */,
			);
			path = "Public Helpers";
			sourceTree = "<group>";
		};
		4A8E80B12B868C470032D1C0 /* Core Data */ = {
			isa = PBXGroup;
			children = (
				4A8E80A92B868BB30032D1C0 /* Sighting+CoreDataClass.swift */,
				4A8E80AA2B868BB30032D1C0 /* Sighting+CoreDataProperties.swift */,
				4A8E80AB2B868BB30032D1C0 /* Species+CoreDataClass.swift */,
				4A8E80AC2B868BB30032D1C0 /* Species+CoreDataProperties.swift */,
			);
			path = "Core Data";
			sourceTree = "<group>";
		};
		4A8E80BA2B8691310032D1C0 /* Collection */ = {
			isa = PBXGroup;
			children = (
				4AA5FA782B8845410073FF9E /* Card Detail Views */,
				4A8E80BB2B8691460032D1C0 /* CollectionsView.swift */,
				4A8E80BD2B86917B0032D1C0 /* CollectionsCard.swift */,
				4A8E80BF2B8691870032D1C0 /* CollectionsCardDetailView.swift */,
			);
			path = Collection;
			sourceTree = "<group>";
		};
		4A8E80C32B8692410032D1C0 /* Camera */ = {
			isa = PBXGroup;
			children = (
				4A8E80B82B8690CD0032D1C0 /* CameraView.swift */,
				4A8E80C42B86924A0032D1C0 /* CameraPreview.swift */,
			);
			path = Camera;
			sourceTree = "<group>";
		};
		4AA5FA782B8845410073FF9E /* Card Detail Views */ = {
			isa = PBXGroup;
			children = (
				4AA5FA792B8845520073FF9E /* StatsView.swift */,
				4AA5FA7B2B8845840073FF9E /* GalleryView.swift */,
				4AA5FA7D2B88461B0073FF9E /* PhotosView.swift */,
			);
			path = "Card Detail Views";
			sourceTree = "<group>";
		};
		4AFA806C2B8894EA00EF9DCB /* Search Views */ = {
			isa = PBXGroup;
			children = (
				4AFA806D2B88950B00EF9DCB /* SearchViews.swift */,
			);
			path = "Search Views";
			sourceTree = "<group>";
		};
/* End PBXGroup section */

/* Begin PBXNativeTarget section */
		4A8E808E2B85D0D10032D1C0 /* Anidex */ = {
			isa = PBXNativeTarget;
			buildConfigurationList = 4A8E80A32B85D0D50032D1C0 /* Build configuration list for PBXNativeTarget "Anidex" */;
			buildPhases = (
				4A8E808B2B85D0D10032D1C0 /* Sources */,
				4A8E808C2B85D0D10032D1C0 /* Frameworks */,
				4A8E808D2B85D0D10032D1C0 /* Resources */,
			);
			buildRules = (
			);
			dependencies = (
			);
			name = Anidex;
			productName = Anidex;
			productReference = 4A8E808F2B85D0D20032D1C0 /* Anidex.app */;
			productType = "com.apple.product-type.application";
		};
/* End PBXNativeTarget section */

/* Begin PBXProject section */
		4A8E80872B85D0D10032D1C0 /* Project object */ = {
			isa = PBXProject;
			attributes = {
				BuildIndependentTargetsInParallel = 1;
				LastSwiftUpdateCheck = 1500;
				LastUpgradeCheck = 1500;
				TargetAttributes = {
					4A8E808E2B85D0D10032D1C0 = {
						CreatedOnToolsVersion = 15.0;
					};
				};
			};
			buildConfigurationList = 4A8E808A2B85D0D10032D1C0 /* Build configuration list for PBXProject "Anidex" */;
			compatibilityVersion = "Xcode 14.0";
			developmentRegion = en;
			hasScannedForEncodings = 0;
			knownRegions = (
				en,
				Base,
			);
			mainGroup = 4A8E80862B85D0D10032D1C0;
			productRefGroup = 4A8E80902B85D0D20032D1C0 /* Products */;
			projectDirPath = "";
			projectRoot = "";
			targets = (
				4A8E808E2B85D0D10032D1C0 /* Anidex */,
			);
		};
/* End PBXProject section */

/* Begin PBXResourcesBuildPhase section */
		4A8E808D2B85D0D10032D1C0 /* Resources */ = {
			isa = PBXResourcesBuildPhase;
			buildActionMask = 2147483647;
			files = (
				4AFA806B2B88926100EF9DCB /* AnimalLabels.txt in Resources */,
				4A8E80A02B85D0D50032D1C0 /* Preview Assets.xcassets in Resources */,
				4A8E809C2B85D0D50032D1C0 /* Assets.xcassets in Resources */,
			);
			runOnlyForDeploymentPostprocessing = 0;
		};
/* End PBXResourcesBuildPhase section */

/* Begin PBXSourcesBuildPhase section */
		4A8E808B2B85D0D10032D1C0 /* Sources */ = {
			isa = PBXSourcesBuildPhase;
			buildActionMask = 2147483647;
			files = (
				4A8E80CF2B86D64F0032D1C0 /* ChordataClassClassifier.mlmodel in Sources */,
				4A8E80B72B868CCC0032D1C0 /* CameraFuncs.swift in Sources */,
				4A8E80C22B8691ED0032D1C0 /* Design.swift in Sources */,
				4AA5FA7E2B88461B0073FF9E /* PhotosView.swift in Sources */,
				4A8E80C02B8691870032D1C0 /* CollectionsCardDetailView.swift in Sources */,
				4AA5FA7C2B8845840073FF9E /* GalleryView.swift in Sources */,
				4A8E80982B85D0D20032D1C0 /* Anidex.xcdatamodeld in Sources */,
				4AA5FA772B883E960073FF9E /* CustomTextField.swift in Sources */,
				4A8E80932B85D0D20032D1C0 /* AnidexApp.swift in Sources */,
				4A8E80C72B8694430032D1C0 /* HapticFeedback.swift in Sources */,
				4A8E80B92B8690CD0032D1C0 /* CameraView.swift in Sources */,
				4AA5FA6F2B8834150073FF9E /* CustomAsyncImageView.swift in Sources */,
				4A8E80D12B86D64F0032D1C0 /* MammalClassifier.mlmodel in Sources */,
				4A8E80C92B8696640032D1C0 /* ImagePicker.swift in Sources */,
				4A8E80BC2B8691460032D1C0 /* CollectionsView.swift in Sources */,
				4A8E80D02B86D64F0032D1C0 /* AmphibiaClassifier.mlmodel in Sources */,
				4A8E80B52B868C880032D1C0 /* ClassifierModel.swift in Sources */,
				4A8E80AF2B868BB30032D1C0 /* Species+CoreDataClass.swift in Sources */,
				4A8E80AE2B868BB30032D1C0 /* Sighting+CoreDataProperties.swift in Sources */,
				4A8E80B02B868BB30032D1C0 /* Species+CoreDataProperties.swift in Sources */,
				4AA5FA732B8838EF0073FF9E /* MediaFuncs.swift in Sources */,
				4A8E80C52B86924B0032D1C0 /* CameraPreview.swift in Sources */,
				4AA5FA712B88371D0073FF9E /* newAnimalSightingView.swift in Sources */,
				4A8E80D22B86D64F0032D1C0 /* AvesClassifier.mlmodel in Sources */,
				4AFA806E2B88950B00EF9DCB /* SearchViews.swift in Sources */,
				4A8E809A2B85D0D20032D1C0 /* ContentView.swift in Sources */,
				4A8E80952B85D0D20032D1C0 /* Persistence.swift in Sources */,
				4A8E80BE2B86917B0032D1C0 /* CollectionsCard.swift in Sources */,
				4A8E80AD2B868BB30032D1C0 /* Sighting+CoreDataClass.swift in Sources */,
				4AA5FA7A2B8845520073FF9E /* StatsView.swift in Sources */,
				4AA5FA752B8839BB0073FF9E /* Sighting Helpers.swift in Sources */,
				4A8E80D32B86D64F0032D1C0 /* ReptilliaClassifier.mlmodel in Sources */,
				4A8E80B32B868C7C0032D1C0 /* CameraModel.swift in Sources */,
			);
			runOnlyForDeploymentPostprocessing = 0;
		};
/* End PBXSourcesBuildPhase section */

/* Begin XCBuildConfiguration section */
		4A8E80A12B85D0D50032D1C0 /* Debug */ = {
			isa = XCBuildConfiguration;
			buildSettings = {
				ALWAYS_SEARCH_USER_PATHS = NO;
				ASSETCATALOG_COMPILER_GENERATE_SWIFT_ASSET_SYMBOL_EXTENSIONS = YES;
				CLANG_ANALYZER_NONNULL = YES;
				CLANG_ANALYZER_NUMBER_OBJECT_CONVERSION = YES_AGGRESSIVE;
				CLANG_CXX_LANGUAGE_STANDARD = "gnu++20";
				CLANG_ENABLE_MODULES = YES;
				CLANG_ENABLE_OBJC_ARC = YES;
				CLANG_ENABLE_OBJC_WEAK = YES;
				CLANG_WARN_BLOCK_CAPTURE_AUTORELEASING = YES;
				CLANG_WARN_BOOL_CONVERSION = YES;
				CLANG_WARN_COMMA = YES;
				CLANG_WARN_CONSTANT_CONVERSION = YES;
				CLANG_WARN_DEPRECATED_OBJC_IMPLEMENTATIONS = YES;
				CLANG_WARN_DIRECT_OBJC_ISA_USAGE = YES_ERROR;
				CLANG_WARN_DOCUMENTATION_COMMENTS = YES;
				CLANG_WARN_EMPTY_BODY = YES;
				CLANG_WARN_ENUM_CONVERSION = YES;
				CLANG_WARN_INFINITE_RECURSION = YES;
				CLANG_WARN_INT_CONVERSION = YES;
				CLANG_WARN_NON_LITERAL_NULL_CONVERSION = YES;
				CLANG_WARN_OBJC_IMPLICIT_RETAIN_SELF = YES;
				CLANG_WARN_OBJC_LITERAL_CONVERSION = YES;
				CLANG_WARN_OBJC_ROOT_CLASS = YES_ERROR;
				CLANG_WARN_QUOTED_INCLUDE_IN_FRAMEWORK_HEADER = YES;
				CLANG_WARN_RANGE_LOOP_ANALYSIS = YES;
				CLANG_WARN_STRICT_PROTOTYPES = YES;
				CLANG_WARN_SUSPICIOUS_MOVE = YES;
				CLANG_WARN_UNGUARDED_AVAILABILITY = YES_AGGRESSIVE;
				CLANG_WARN_UNREACHABLE_CODE = YES;
				CLANG_WARN__DUPLICATE_METHOD_MATCH = YES;
				COPY_PHASE_STRIP = NO;
				DEBUG_INFORMATION_FORMAT = dwarf;
				ENABLE_STRICT_OBJC_MSGSEND = YES;
				ENABLE_TESTABILITY = YES;
				ENABLE_USER_SCRIPT_SANDBOXING = YES;
				GCC_C_LANGUAGE_STANDARD = gnu17;
				GCC_DYNAMIC_NO_PIC = NO;
				GCC_NO_COMMON_BLOCKS = YES;
				GCC_OPTIMIZATION_LEVEL = 0;
				GCC_PREPROCESSOR_DEFINITIONS = (
					"DEBUG=1",
					"$(inherited)",
				);
				GCC_WARN_64_TO_32_BIT_CONVERSION = YES;
				GCC_WARN_ABOUT_RETURN_TYPE = YES_ERROR;
				GCC_WARN_UNDECLARED_SELECTOR = YES;
				GCC_WARN_UNINITIALIZED_AUTOS = YES_AGGRESSIVE;
				GCC_WARN_UNUSED_FUNCTION = YES;
				GCC_WARN_UNUSED_VARIABLE = YES;
				IPHONEOS_DEPLOYMENT_TARGET = 17.0;
				LOCALIZATION_PREFERS_STRING_CATALOGS = YES;
				MTL_ENABLE_DEBUG_INFO = INCLUDE_SOURCE;
				MTL_FAST_MATH = YES;
				ONLY_ACTIVE_ARCH = YES;
				SWIFT_ACTIVE_COMPILATION_CONDITIONS = "DEBUG $(inherited)";
				SWIFT_OPTIMIZATION_LEVEL = "-Onone";
			};
			name = Debug;
		};
		4A8E80A22B85D0D50032D1C0 /* Release */ = {
			isa = XCBuildConfiguration;
			buildSettings = {
				ALWAYS_SEARCH_USER_PATHS = NO;
				ASSETCATALOG_COMPILER_GENERATE_SWIFT_ASSET_SYMBOL_EXTENSIONS = YES;
				CLANG_ANALYZER_NONNULL = YES;
				CLANG_ANALYZER_NUMBER_OBJECT_CONVERSION = YES_AGGRESSIVE;
				CLANG_CXX_LANGUAGE_STANDARD = "gnu++20";
				CLANG_ENABLE_MODULES = YES;
				CLANG_ENABLE_OBJC_ARC = YES;
				CLANG_ENABLE_OBJC_WEAK = YES;
				CLANG_WARN_BLOCK_CAPTURE_AUTORELEASING = YES;
				CLANG_WARN_BOOL_CONVERSION = YES;
				CLANG_WARN_COMMA = YES;
				CLANG_WARN_CONSTANT_CONVERSION = YES;
				CLANG_WARN_DEPRECATED_OBJC_IMPLEMENTATIONS = YES;
				CLANG_WARN_DIRECT_OBJC_ISA_USAGE = YES_ERROR;
				CLANG_WARN_DOCUMENTATION_COMMENTS = YES;
				CLANG_WARN_EMPTY_BODY = YES;
				CLANG_WARN_ENUM_CONVERSION = YES;
				CLANG_WARN_INFINITE_RECURSION = YES;
				CLANG_WARN_INT_CONVERSION = YES;
				CLANG_WARN_NON_LITERAL_NULL_CONVERSION = YES;
				CLANG_WARN_OBJC_IMPLICIT_RETAIN_SELF = YES;
				CLANG_WARN_OBJC_LITERAL_CONVERSION = YES;
				CLANG_WARN_OBJC_ROOT_CLASS = YES_ERROR;
				CLANG_WARN_QUOTED_INCLUDE_IN_FRAMEWORK_HEADER = YES;
				CLANG_WARN_RANGE_LOOP_ANALYSIS = YES;
				CLANG_WARN_STRICT_PROTOTYPES = YES;
				CLANG_WARN_SUSPICIOUS_MOVE = YES;
				CLANG_WARN_UNGUARDED_AVAILABILITY = YES_AGGRESSIVE;
				CLANG_WARN_UNREACHABLE_CODE = YES;
				CLANG_WARN__DUPLICATE_METHOD_MATCH = YES;
				COPY_PHASE_STRIP = NO;
				DEBUG_INFORMATION_FORMAT = "dwarf-with-dsym";
				ENABLE_NS_ASSERTIONS = NO;
				ENABLE_STRICT_OBJC_MSGSEND = YES;
				ENABLE_USER_SCRIPT_SANDBOXING = YES;
				GCC_C_LANGUAGE_STANDARD = gnu17;
				GCC_NO_COMMON_BLOCKS = YES;
				GCC_WARN_64_TO_32_BIT_CONVERSION = YES;
				GCC_WARN_ABOUT_RETURN_TYPE = YES_ERROR;
				GCC_WARN_UNDECLARED_SELECTOR = YES;
				GCC_WARN_UNINITIALIZED_AUTOS = YES_AGGRESSIVE;
				GCC_WARN_UNUSED_FUNCTION = YES;
				GCC_WARN_UNUSED_VARIABLE = YES;
				IPHONEOS_DEPLOYMENT_TARGET = 17.0;
				LOCALIZATION_PREFERS_STRING_CATALOGS = YES;
				MTL_ENABLE_DEBUG_INFO = NO;
				MTL_FAST_MATH = YES;
				SWIFT_COMPILATION_MODE = wholemodule;
			};
			name = Release;
		};
		4A8E80A42B85D0D50032D1C0 /* Debug */ = {
			isa = XCBuildConfiguration;
			buildSettings = {
				ASSETCATALOG_COMPILER_APPICON_NAME = AppIcon;
				ASSETCATALOG_COMPILER_GLOBAL_ACCENT_COLOR_NAME = AccentColor;
				CODE_SIGN_ENTITLEMENTS = Anidex/Anidex.entitlements;
				CODE_SIGN_STYLE = Automatic;
				CURRENT_PROJECT_VERSION = 1;
				DEVELOPMENT_ASSET_PATHS = "\"Anidex/Preview Content\"";
				DEVELOPMENT_TEAM = 7MT63WYVUC;
				ENABLE_HARDENED_RUNTIME = YES;
				ENABLE_PREVIEWS = YES;
				GENERATE_INFOPLIST_FILE = YES;
				INFOPLIST_FILE = Anidex/Info.plist;
				INFOPLIST_KEY_LSApplicationCategoryType = "";
				INFOPLIST_KEY_NSCameraUsageDescription = "The app captures photos using the camera to classify animals.";
				INFOPLIST_KEY_NSPhotoLibraryUsageDescription = "The app selects photos from the library to classify animals.";
				INFOPLIST_KEY_UIApplicationSceneManifest_Generation = YES;
				"INFOPLIST_KEY_UIApplicationSceneManifest_Generation[sdk=iphoneos*]" = YES;
				"INFOPLIST_KEY_UIApplicationSceneManifest_Generation[sdk=iphonesimulator*]" = YES;
				INFOPLIST_KEY_UIApplicationSupportsIndirectInputEvents = YES;
				"INFOPLIST_KEY_UIApplicationSupportsIndirectInputEvents[sdk=iphoneos*]" = YES;
				"INFOPLIST_KEY_UIApplicationSupportsIndirectInputEvents[sdk=iphonesimulator*]" = YES;
				"INFOPLIST_KEY_UILaunchScreen_Generation[sdk=iphoneos*]" = YES;
				"INFOPLIST_KEY_UILaunchScreen_Generation[sdk=iphonesimulator*]" = YES;
				INFOPLIST_KEY_UIStatusBarStyle = UIStatusBarStyleDefault;
				"INFOPLIST_KEY_UIStatusBarStyle[sdk=iphoneos*]" = UIStatusBarStyleDefault;
				"INFOPLIST_KEY_UIStatusBarStyle[sdk=iphonesimulator*]" = UIStatusBarStyleDefault;
				INFOPLIST_KEY_UISupportedInterfaceOrientations = UIInterfaceOrientationPortrait;
				IPHONEOS_DEPLOYMENT_TARGET = 17.0;
				LD_RUNPATH_SEARCH_PATHS = "@executable_path/Frameworks";
				"LD_RUNPATH_SEARCH_PATHS[sdk=macosx*]" = "@executable_path/../Frameworks";
				MACOSX_DEPLOYMENT_TARGET = 14.0;
				MARKETING_VERSION = 1.0;
				PRODUCT_BUNDLE_IDENTIFIER = dodum.Anidex;
				PRODUCT_NAME = "$(TARGET_NAME)";
				SDKROOT = iphoneos;
				SUPPORTED_PLATFORMS = "iphoneos iphonesimulator";
				SUPPORTS_MACCATALYST = NO;
				SWIFT_EMIT_LOC_STRINGS = YES;
				SWIFT_VERSION = 5.0;
				TARGETED_DEVICE_FAMILY = "1,2";
			};
			name = Debug;
		};
		4A8E80A52B85D0D50032D1C0 /* Release */ = {
			isa = XCBuildConfiguration;
			buildSettings = {
				ASSETCATALOG_COMPILER_APPICON_NAME = AppIcon;
				ASSETCATALOG_COMPILER_GLOBAL_ACCENT_COLOR_NAME = AccentColor;
				CODE_SIGN_ENTITLEMENTS = Anidex/Anidex.entitlements;
				CODE_SIGN_STYLE = Automatic;
				CURRENT_PROJECT_VERSION = 1;
				DEVELOPMENT_ASSET_PATHS = "\"Anidex/Preview Content\"";
				DEVELOPMENT_TEAM = 7MT63WYVUC;
				ENABLE_HARDENED_RUNTIME = YES;
				ENABLE_PREVIEWS = YES;
				GENERATE_INFOPLIST_FILE = YES;
				INFOPLIST_FILE = Anidex/Info.plist;
				INFOPLIST_KEY_LSApplicationCategoryType = "";
				INFOPLIST_KEY_NSCameraUsageDescription = "The app captures photos using the camera to classify animals.";
				INFOPLIST_KEY_NSPhotoLibraryUsageDescription = "The app selects photos from the library to classify animals.";
				INFOPLIST_KEY_UIApplicationSceneManifest_Generation = YES;
				"INFOPLIST_KEY_UIApplicationSceneManifest_Generation[sdk=iphoneos*]" = YES;
				"INFOPLIST_KEY_UIApplicationSceneManifest_Generation[sdk=iphonesimulator*]" = YES;
				INFOPLIST_KEY_UIApplicationSupportsIndirectInputEvents = YES;
				"INFOPLIST_KEY_UIApplicationSupportsIndirectInputEvents[sdk=iphoneos*]" = YES;
				"INFOPLIST_KEY_UIApplicationSupportsIndirectInputEvents[sdk=iphonesimulator*]" = YES;
				"INFOPLIST_KEY_UILaunchScreen_Generation[sdk=iphoneos*]" = YES;
				"INFOPLIST_KEY_UILaunchScreen_Generation[sdk=iphonesimulator*]" = YES;
				INFOPLIST_KEY_UIStatusBarStyle = UIStatusBarStyleDefault;
				"INFOPLIST_KEY_UIStatusBarStyle[sdk=iphoneos*]" = UIStatusBarStyleDefault;
				"INFOPLIST_KEY_UIStatusBarStyle[sdk=iphonesimulator*]" = UIStatusBarStyleDefault;
				INFOPLIST_KEY_UISupportedInterfaceOrientations = UIInterfaceOrientationPortrait;
				IPHONEOS_DEPLOYMENT_TARGET = 17.0;
				LD_RUNPATH_SEARCH_PATHS = "@executable_path/Frameworks";
				"LD_RUNPATH_SEARCH_PATHS[sdk=macosx*]" = "@executable_path/../Frameworks";
				MACOSX_DEPLOYMENT_TARGET = 14.0;
				MARKETING_VERSION = 1.0;
				PRODUCT_BUNDLE_IDENTIFIER = dodum.Anidex;
				PRODUCT_NAME = "$(TARGET_NAME)";
				SDKROOT = iphoneos;
				SUPPORTED_PLATFORMS = "iphoneos iphonesimulator";
				SUPPORTS_MACCATALYST = NO;
				SWIFT_EMIT_LOC_STRINGS = YES;
				SWIFT_VERSION = 5.0;
				TARGETED_DEVICE_FAMILY = "1,2";
			};
			name = Release;
		};
/* End XCBuildConfiguration section */

/* Begin XCConfigurationList section */
		4A8E808A2B85D0D10032D1C0 /* Build configuration list for PBXProject "Anidex" */ = {
			isa = XCConfigurationList;
			buildConfigurations = (
				4A8E80A12B85D0D50032D1C0 /* Debug */,
				4A8E80A22B85D0D50032D1C0 /* Release */,
			);
			defaultConfigurationIsVisible = 0;
			defaultConfigurationName = Release;
		};
		4A8E80A32B85D0D50032D1C0 /* Build configuration list for PBXNativeTarget "Anidex" */ = {
			isa = XCConfigurationList;
			buildConfigurations = (
				4A8E80A42B85D0D50032D1C0 /* Debug */,
				4A8E80A52B85D0D50032D1C0 /* Release */,
			);
			defaultConfigurationIsVisible = 0;
			defaultConfigurationName = Release;
		};
/* End XCConfigurationList section */

/* Begin XCVersionGroup section */
		4A8E80962B85D0D20032D1C0 /* Anidex.xcdatamodeld */ = {
			isa = XCVersionGroup;
			children = (
				4A8E80972B85D0D20032D1C0 /* Anidex.xcdatamodel */,
			);
			currentVersion = 4A8E80972B85D0D20032D1C0 /* Anidex.xcdatamodel */;
			path = Anidex.xcdatamodeld;
			sourceTree = "<group>";
			versionGroupType = wrapper.xcdatamodel;
		};
/* End XCVersionGroup section */
	};
	rootObject = 4A8E80872B85D0D10032D1C0 /* Project object */;
}
